github.com/yhat/scrape v0.0.0-20161128144610-24b7890b0945 h1:6Ju8pZBYFTN9FaV/JvNBiIHcsgEmP4z4laciqjfjY8E=
github.com/yhat/scrape v0.0.0-20161128144610-24b7890b0945/go.mod h1:4vRFPPNYllgCacoj+0FoKOjTW68rUhEfqPLiEJaK2w8=
golang.org/x/net v0.0.0-20190301231341-16b79f2e4e95 h1:fY7Dsw114eJN4boqzVSbpVHO6rTdhq6/GnXeu+PKnzU=
golang.org/x/net v0.0.0-20190301231341-16b79f2e4e95/go.mod h1:mL1N/T3taQHkDXs73rZJwtUhF3w3ftmwwsq0BUmARs4=
